github.com/Quad4-Software/bzip2 v0.0.0-20260704225916-ca8b2bb66059 h1:LBXo31itNQQWbao8nAW8cpbnA7ldbiV3PBYlh8F86+E=
github.com/Quad4-Software/bzip2 v0.0.0-20260704225916-ca8b2bb66059/go.mod h1:NU4rVhG0eoBuy3G0XlOCWk2UM6yalqQnUhdBtTjTbr8=
github.com/Quad4-Software/msgpack/v5 v5.8.0 h1:kMjkF5Xm2MHbURJdi/rzgMsD+zOubxeCBWljYCQFUck=
github.com/Quad4-Software/msgpack/v5 v5.8.0/go.mod h1:Oe7mXW0p1uz2pzFj3Il6aSa4473/IYlR03dNZHWSPIk=
github.com/Quad4-Software/pbt v0.0.0-20260614183135-abe0cfc4e604 h1:CyERsTK1DrB0k1vN0lYaFVHd9d/SAN/OkenW2mswK0c=
github.com/Quad4-Software/pbt v0.0.0-20260614183135-abe0cfc4e604/go.mod h1:/dyR2eJH8t3sZ6g/GpVnDoz8+b6I80PDkLc+LIeqUw8=
github.com/Quad4-Software/tagparser v0.1.3-0.20260614183136-daa4d5f437ce h1:ZUf36AE/iyshAUOAH0qcnbSTKf/31tNrQH+SjY0I9xs=
github.com/Quad4-Software/tagparser v0.1.3-0.20260614183136-daa4d5f437ce/go.mod h1:38D+Lcgz1Sz5aqcLEzkRaOCUfWGqzzDmPcqVcXJ+NUI=
golang.org/x/crypto v0.52.0 h1:RMs7fP2rXdep0CftQlK8Uf+kibLm7qkCcradZWYz988=
golang.org/x/crypto v0.52.0/go.mod h1:1QgfPxDqh0T2M/elOJtp9RvuR95kVjir0e6/BvEmGbc=
golang.org/x/sys v0.45.0 h1:dO4czNzziLiiXplLQgBCEpCvXQ3dnkn0SdaZSYdQ+FY=
golang.org/x/sys v0.45.0/go.mod h1:4GL1E5IUh+htKOUEOaiffhrAeqysfVGipDYzABqnCmw=
golang.org/x/term v0.43.0 h1:S4RLU2sB31O/NCl+zFN9Aru9A/Cq2aqKpTZJ6B+DwT4=
golang.org/x/term v0.43.0/go.mod h1:lrhlHNdQJHO+1qVYiHfFKVuVioJIheAc3fBSMFYEIsk=
