git.quad4.io/Go-Libs/msgpack/v5 v5.6.1 h1:zgf37+IGsa7eSMxvFtv+UrUOR+SNBEbDtmJUoRMGCnQ=
git.quad4.io/Go-Libs/msgpack/v5 v5.6.1/go.mod h1:ShEk1+LTQY1oMP6CsGOIJsiflj9zzIqbZjyyRoyAsQE=
git.quad4.io/Go-Libs/pbt v0.0.0-20260222224506-d027ddfbe012 h1:qrkEopX3N/RD1mNxosBzS/gbb6QsoANY6zhZtKFD2fE=
git.quad4.io/Go-Libs/pbt v0.0.0-20260222224506-d027ddfbe012/go.mod h1:5lGubRvn/S68scD6dHJf64sCzmebWXdeGm00VN4GEOU=
git.quad4.io/Go-Libs/tagparser/v2 v2.1.0 h1:yLqI1BVNiRcEJS+0N9qfH8XnEqaMxS/MSpRvTDQi6J0=
git.quad4.io/Go-Libs/tagparser/v2 v2.1.0/go.mod h1:IfsTO0JfI2wG867Ji8wBpepwvo3KF6QRiBzBPt2NW2k=
git.quad4.io/Networks/Reticulum-Go v0.9.2 h1:SCbyn8c8b/x1cCi0g0jrTALMWS6lCJXczCiBbRonByU=
git.quad4.io/Networks/Reticulum-Go v0.9.2/go.mod h1:E23lvEEFYYgPHzh9dT4jHHZgEbTFTzvu3sg9v2YKNwo=
golang.org/x/crypto v0.50.0 h1:zO47/JPrL6vsNkINmLoo/PH1gcxpls50DNogFvB5ZGI=
golang.org/x/crypto v0.50.0/go.mod h1:3muZ7vA7PBCE6xgPX7nkzzjiUq87kRItoJQM1Yo8S+Q=
golang.org/x/sys v0.43.0 h1:Rlag2XtaFTxp19wS8MXlJwTvoh8ArU6ezoyFsMyCTNI=
golang.org/x/sys v0.43.0/go.mod h1:4GL1E5IUh+htKOUEOaiffhrAeqysfVGipDYzABqnCmw=
golang.org/x/term v0.42.0 h1:UiKe+zDFmJobeJ5ggPwOshJIVt6/Ft0rcfrXZDLWAWY=
golang.org/x/term v0.42.0/go.mod h1:Dq/D+snpsbazcBG5+F9Q1n2rXV8Ma+71xEjTRufARgY=
